// !$*UTF8*$!
{
	archiveVersion = 1;
	classes = {
	};
	objectVersion = 50;
	objects = {

/* Begin PBXBuildFile section */
		6356744DA8EAD0FCD2399015 /* Pods_A1_SwiftUI_WebAPI.framework in Frameworks */ = {isa = PBXBuildFile; fileRef = A8FFC5CC47769B0A2B01DCA7 /* Pods_A1_SwiftUI_WebAPI.framework */; };
		AEA4617D26AD6E140010D564 /* A1_SwiftUI_WebAPIApp.swift in Sources */ = {isa = PBXBuildFile; fileRef = AEA4617C26AD6E140010D564 /* A1_SwiftUI_WebAPIApp.swift */; };
		AEA4617F26AD6E140010D564 /* ContentView.swift in Sources */ = {isa = PBXBuildFile; fileRef = AEA4617E26AD6E140010D564 /* ContentView.swift */; };
		AEA4618126AD6E160010D564 /* Assets.xcassets in Resources */ = {isa = PBXBuildFile; fileRef = AEA4618026AD6E160010D564 /* Assets.xcassets */; };
		AEA4618426AD6E160010D564 /* Preview Assets.xcassets in Resources */ = {isa = PBXBuildFile; fileRef = AEA4618326AD6E160010D564 /* Preview Assets.xcassets */; };
		AEA4618C26AD6E6E0010D564 /* URLImage.swift in Sources */ = {isa = PBXBuildFile; fileRef = AEA4618B26AD6E6E0010D564 /* URLImage.swift */; };
/* End PBXBuildFile section */

/* Begin PBXFileReference section */
		1373EA9DCBAC687AF5832266 /* Pods-A1_SwiftUI_WebAPI.release.xcconfig */ = {isa = PBXFileReference; includeInIndex = 1; lastKnownFileType = text.xcconfig; name = "Pods-A1_SwiftUI_WebAPI.release.xcconfig"; path = "Target Support Files/Pods-A1_SwiftUI_WebAPI/Pods-A1_SwiftUI_WebAPI.release.xcconfig"; sourceTree = "<group>"; };
		2D4FA82A180D64730FD7A51B /* Pods-A1_SwiftUI_WebAPI.debug.xcconfig */ = {isa = PBXFileReference; includeInIndex = 1; lastKnownFileType = text.xcconfig; name = "Pods-A1_SwiftUI_WebAPI.debug.xcconfig"; path = "Target Support Files/Pods-A1_SwiftUI_WebAPI/Pods-A1_SwiftUI_WebAPI.debug.xcconfig"; sourceTree = "<group>"; };
		A8FFC5CC47769B0A2B01DCA7 /* Pods_A1_SwiftUI_WebAPI.framework */ = {isa = PBXFileReference; explicitFileType = wrapper.framework; includeInIndex = 0; path = Pods_A1_SwiftUI_WebAPI.framework; sourceTree = BUILT_PRODUCTS_DIR; };
		AEA4617926AD6E140010D564 /* A1_SwiftUI_WebAPI.app */ = {isa = PBXFileReference; explicitFileType = wrapper.application; includeInIndex = 0; path = A1_SwiftUI_WebAPI.app; sourceTree = BUILT_PRODUCTS_DIR; };
		AEA4617C26AD6E140010D564 /* A1_SwiftUI_WebAPIApp.swift */ = {isa = PBXFileReference; lastKnownFileType = sourcecode.swift; path = A1_SwiftUI_WebAPIApp.swift; sourceTree = "<group>"; };
		AEA4617E26AD6E140010D564 /* ContentView.swift */ = {isa = PBXFileReference; lastKnownFileType = sourcecode.swift; path = ContentView.swift; sourceTree = "<group>"; };
		AEA4618026AD6E160010D564 /* Assets.xcassets */ = {isa = PBXFileReference; lastKnownFileType = folder.assetcatalog; path = Assets.xcassets; sourceTree = "<group>"; };
		AEA4618326AD6E160010D564 /* Preview Assets.xcassets */ = {isa = PBXFileReference; lastKnownFileType = folder.assetcatalog; path = "Preview Assets.xcassets"; sourceTree = "<group>"; };
		AEA4618526AD6E160010D564 /* Info.plist */ = {isa = PBXFileReference; lastKnownFileType = text.plist.xml; path = Info.plist; sourceTree = "<group>"; };
		AEA4618B26AD6E6E0010D564 /* URLImage.swift */ = {isa = PBXFileReference; fileEncoding = 4; lastKnownFileType = sourcecode.swift; path = URLImage.swift; sourceTree = "<group>"; };
/* End PBXFileReference section */

/* Begin PBXFrameworksBuildPhase section */
		AEA4617626AD6E140010D564 /* Frameworks */ = {
			isa = PBXFrameworksBuildPhase;
			buildActionMask = 2147483647;
			files = (
				6356744DA8EAD0FCD2399015 /* Pods_A1_SwiftUI_WebAPI.framework in Frameworks */,
			);
			runOnlyForDeploymentPostprocessing = 0;
		};
/* End PBXFrameworksBuildPhase section */

/* Begin PBXGroup section */
		224FCA5C0FB8E44DC7394B4C /* Frameworks */ = {
			isa = PBXGroup;
			children = (
				A8FFC5CC47769B0A2B01DCA7 /* Pods_A1_SwiftUI_WebAPI.framework */,
			);
			name = Frameworks;
			sourceTree = "<group>";
		};
		AEA4617026AD6E140010D564 = {
			isa = PBXGroup;
			children = (
				AEA4617B26AD6E140010D564 /* A1_SwiftUI_WebAPI */,
				AEA4617A26AD6E140010D564 /* Products */,
				E61CCEBC4D10FACDB699E7DB /* Pods */,
				224FCA5C0FB8E44DC7394B4C /* Frameworks */,
			);
			sourceTree = "<group>";
		};
		AEA4617A26AD6E140010D564 /* Products */ = {
			isa = PBXGroup;
			children = (
				AEA4617926AD6E140010D564 /* A1_SwiftUI_WebAPI.app */,
			);
			name = Products;
			sourceTree = "<group>";
		};
		AEA4617B26AD6E140010D564 /* A1_SwiftUI_WebAPI */ = {
			isa = PBXGroup;
			children = (
				AEA4617C26AD6E140010D564 /* A1_SwiftUI_WebAPIApp.swift */,
				AEA4617E26AD6E140010D564 /* ContentView.swift */,
				AEA4618B26AD6E6E0010D564 /* URLImage.swift */,
				AEA4618026AD6E160010D564 /* Assets.xcassets */,
				AEA4618526AD6E160010D564 /* Info.plist */,
				AEA4618226AD6E160010D564 /* Preview Content */,
			);
			path = A1_SwiftUI_WebAPI;
			sourceTree = "<group>";
		};
		AEA4618226AD6E160010D564 /* Preview Content */ = {
			isa = PBXGroup;
			children = (
				AEA4618326AD6E160010D564 /* Preview Assets.xcassets */,
			);
			path = "Preview Content";
			sourceTree = "<group>";
		};
		E61CCEBC4D10FACDB699E7DB /* Pods */ = {
			isa = PBXGroup;
			children = (
				2D4FA82A180D64730FD7A51B /* Pods-A1_SwiftUI_WebAPI.debug.xcconfig */,
				1373EA9DCBAC687AF5832266 /* Pods-A1_SwiftUI_WebAPI.release.xcconfig */,
			);
			name = Pods;
			path = Pods;
			sourceTree = "<group>";
		};
/* End PBXGroup section */

/* Begin PBXNativeTarget section */
		AEA4617826AD6E140010D564 /* A1_SwiftUI_WebAPI */ = {
			isa = PBXNativeTarget;
			buildConfigurationList = AEA4618826AD6E160010D564 /* Build configuration list for PBXNativeTarget "A1_SwiftUI_WebAPI" */;
			buildPhases = (
				8F97A7276411C4C1812D9641 /* [CP] Check Pods Manifest.lock */,
				AEA4617526AD6E140010D564 /* Sources */,
				AEA4617626AD6E140010D564 /* Frameworks */,
				AEA4617726AD6E140010D564 /* Resources */,
				45AFDDC262128A5BBC40EC0D /* [CP] Embed Pods Frameworks */,
			);
			buildRules = (
			);
			dependencies = (
			);
			name = A1_SwiftUI_WebAPI;
			productName = A1_SwiftUI_WebAPI;
			productReference = AEA4617926AD6E140010D564 /* A1_SwiftUI_WebAPI.app */;
			productType = "com.apple.product-type.application";
		};
/* End PBXNativeTarget section */

/* Begin PBXProject section */
		AEA4617126AD6E140010D564 /* Project object */ = {
			isa = PBXProject;
			attributes = {
				LastSwiftUpdateCheck = 1250;
				LastUpgradeCheck = 1250;
				TargetAttributes = {
					AEA4617826AD6E140010D564 = {
						CreatedOnToolsVersion = 12.5.1;
					};
				};
			};
			buildConfigurationList = AEA4617426AD6E140010D564 /* Build configuration list for PBXProject "A1_SwiftUI_WebAPI" */;
			compatibilityVersion = "Xcode 9.3";
			developmentRegion = en;
			hasScannedForEncodings = 0;
			knownRegions = (
				en,
				Base,
			);
			mainGroup = AEA4617026AD6E140010D564;
			productRefGroup = AEA4617A26AD6E140010D564 /* Products */;
			projectDirPath = "";
			projectRoot = "";
			targets = (
				AEA4617826AD6E140010D564 /* A1_SwiftUI_WebAPI */,
			);
		};
/* End PBXProject section */

/* Begin PBXResourcesBuildPhase section */
		AEA4617726AD6E140010D564 /* Resources */ = {
			isa = PBXResourcesBuildPhase;
			buildActionMask = 2147483647;
			files = (
				AEA4618426AD6E160010D564 /* Preview Assets.xcassets in Resources */,
				AEA4618126AD6E160010D564 /* Assets.xcassets in Resources */,
			);
			runOnlyForDeploymentPostprocessing = 0;
		};
/* End PBXResourcesBuildPhase section */

/* Begin PBXShellScriptBuildPhase section */
		45AFDDC262128A5BBC40EC0D /* [CP] Embed Pods Frameworks */ = {
			isa = PBXShellScriptBuildPhase;
			buildActionMask = 2147483647;
			files = (
			);
			inputFileListPaths = (
				"${PODS_ROOT}/Target Support Files/Pods-A1_SwiftUI_WebAPI/Pods-A1_SwiftUI_WebAPI-frameworks-${CONFIGURATION}-input-files.xcfilelist",
			);
			name = "[CP] Embed Pods Frameworks";
			outputFileListPaths = (
				"${PODS_ROOT}/Target Support Files/Pods-A1_SwiftUI_WebAPI/Pods-A1_SwiftUI_WebAPI-frameworks-${CONFIGURATION}-output-files.xcfilelist",
			);
			runOnlyForDeploymentPostprocessing = 0;
			shellPath = /bin/sh;
			shellScript = "\"${PODS_ROOT}/Target Support Files/Pods-A1_SwiftUI_WebAPI/Pods-A1_SwiftUI_WebAPI-frameworks.sh\"\n";
			showEnvVarsInLog = 0;
		};
		8F97A7276411C4C1812D9641 /* [CP] Check Pods Manifest.lock */ = {
			isa = PBXShellScriptBuildPhase;
			buildActionMask = 2147483647;
			files = (
			);
			inputFileListPaths = (
			);
			inputPaths = (
				"${PODS_PODFILE_DIR_PATH}/Podfile.lock",
				"${PODS_ROOT}/Manifest.lock",
			);
			name = "[CP] Check Pods Manifest.lock";
			outputFileListPaths = (
			);
			outputPaths = (
				"$(DERIVED_FILE_DIR)/Pods-A1_SwiftUI_WebAPI-checkManifestLockResult.txt",
			);
			runOnlyForDeploymentPostprocessing = 0;
			shellPath = /bin/sh;
			shellScript = "diff \"${PODS_PODFILE_DIR_PATH}/Podfile.lock\" \"${PODS_ROOT}/Manifest.lock\" > /dev/null\nif [ $? != 0 ] ; then\n    # print error to STDERR\n    echo \"error: The sandbox is not in sync with the Podfile.lock. Run 'pod install' or update your CocoaPods installation.\" >&2\n    exit 1\nfi\n# This output is used by Xcode 'outputs' to avoid re-running this script phase.\necho \"SUCCESS\" > \"${SCRIPT_OUTPUT_FILE_0}\"\n";
			showEnvVarsInLog = 0;
		};
/* End PBXShellScriptBuildPhase section */

/* Begin PBXSourcesBuildPhase section */
		AEA4617526AD6E140010D564 /* Sources */ = {
			isa = PBXSourcesBuildPhase;
			buildActionMask = 2147483647;
			files = (
				AEA4617F26AD6E140010D564 /* ContentView.swift in Sources */,
				AEA4618C26AD6E6E0010D564 /* URLImage.swift in Sources */,
				AEA4617D26AD6E140010D564 /* A1_SwiftUI_WebAPIApp.swift in Sources */,
			);
			runOnlyForDeploymentPostprocessing = 0;
		};
/* End PBXSourcesBuildPhase section */

/* Begin XCBuildConfiguration section */
		AEA4618626AD6E160010D564 /* Debug */ = {
			isa = XCBuildConfiguration;
			buildSettings = {
				ALWAYS_SEARCH_USER_PATHS = NO;
				CLANG_ANALYZER_NONNULL = YES;
				CLANG_ANALYZER_NUMBER_OBJECT_CONVERSION = YES_AGGRESSIVE;
				CLANG_CXX_LANGUAGE_STANDARD = "gnu++14";
				CLANG_CXX_LIBRARY = "libc++";
				CLANG_ENABLE_MODULES = YES;
				CLANG_ENABLE_OBJC_ARC = YES;
				CLANG_ENABLE_OBJC_WEAK = YES;
				CLANG_WARN_BLOCK_CAPTURE_AUTORELEASING = YES;
				CLANG_WARN_BOOL_CONVERSION = YES;
				CLANG_WARN_COMMA = YES;
				CLANG_WARN_CONSTANT_CONVERSION = YES;
				CLANG_WARN_DEPRECATED_OBJC_IMPLEMENTATIONS = YES;
				CLANG_WARN_DIRECT_OBJC_ISA_USAGE = YES_ERROR;
				CLANG_WARN_DOCUMENTATION_COMMENTS = YES;
				CLANG_WARN_EMPTY_BODY = YES;
				CLANG_WARN_ENUM_CONVERSION = YES;
				CLANG_WARN_INFINITE_RECURSION = YES;
				CLANG_WARN_INT_CONVERSION = YES;
				CLANG_WARN_NON_LITERAL_NULL_CONVERSION = YES;
				CLANG_WARN_OBJC_IMPLICIT_RETAIN_SELF = YES;
				CLANG_WARN_OBJC_LITERAL_CONVERSION = YES;
				CLANG_WARN_OBJC_ROOT_CLASS = YES_ERROR;
				CLANG_WARN_QUOTED_INCLUDE_IN_FRAMEWORK_HEADER = YES;
				CLANG_WARN_RANGE_LOOP_ANALYSIS = YES;
				CLANG_WARN_STRICT_PROTOTYPES = YES;
				CLANG_WARN_SUSPICIOUS_MOVE = YES;
				CLANG_WARN_UNGUARDED_AVAILABILITY = YES_AGGRESSIVE;
				CLANG_WARN_UNREACHABLE_CODE = YES;
				CLANG_WARN__DUPLICATE_METHOD_MATCH = YES;
				COPY_PHASE_STRIP = NO;
				DEBUG_INFORMATION_FORMAT = dwarf;
				ENABLE_STRICT_OBJC_MSGSEND = YES;
				ENABLE_TESTABILITY = YES;
				GCC_C_LANGUAGE_STANDARD = gnu11;
				GCC_DYNAMIC_NO_PIC = NO;
				GCC_NO_COMMON_BLOCKS = YES;
				GCC_OPTIMIZATION_LEVEL = 0;
				GCC_PREPROCESSOR_DEFINITIONS = (
					"DEBUG=1",
					"$(inherited)",
				);
				GCC_WARN_64_TO_32_BIT_CONVERSION = YES;
				GCC_WARN_ABOUT_RETURN_TYPE = YES_ERROR;
				GCC_WARN_UNDECLARED_SELECTOR = YES;
				GCC_WARN_UNINITIALIZED_AUTOS = YES_AGGRESSIVE;
				GCC_WARN_UNUSED_FUNCTION = YES;
				GCC_WARN_UNUSED_VARIABLE = YES;
				IPHONEOS_DEPLOYMENT_TARGET = 14.5;
				MTL_ENABLE_DEBUG_INFO = INCLUDE_SOURCE;
				MTL_FAST_MATH = YES;
				ONLY_ACTIVE_ARCH = YES;
				SDKROOT = iphoneos;
				SWIFT_ACTIVE_COMPILATION_CONDITIONS = DEBUG;
				SWIFT_OPTIMIZATION_LEVEL = "-Onone";
			};
			name = Debug;
		};
		AEA4618726AD6E160010D564 /* Release */ = {
			isa = XCBuildConfiguration;
			buildSettings = {
				ALWAYS_SEARCH_USER_PATHS = NO;
				CLANG_ANALYZER_NONNULL = YES;
				CLANG_ANALYZER_NUMBER_OBJECT_CONVERSION = YES_AGGRESSIVE;
				CLANG_CXX_LANGUAGE_STANDARD = "gnu++14";
				CLANG_CXX_LIBRARY = "libc++";
				CLANG_ENABLE_MODULES = YES;
				CLANG_ENABLE_OBJC_ARC = YES;
				CLANG_ENABLE_OBJC_WEAK = YES;
				CLANG_WARN_BLOCK_CAPTURE_AUTORELEASING = YES;
				CLANG_WARN_BOOL_CONVERSION = YES;
				CLANG_WARN_COMMA = YES;
				CLANG_WARN_CONSTANT_CONVERSION = YES;
				CLANG_WARN_DEPRECATED_OBJC_IMPLEMENTATIONS = YES;
				CLANG_WARN_DIRECT_OBJC_ISA_USAGE = YES_ERROR;
				CLANG_WARN_DOCUMENTATION_COMMENTS = YES;
				CLANG_WARN_EMPTY_BODY = YES;
				CLANG_WARN_ENUM_CONVERSION = YES;
				CLANG_WARN_INFINITE_RECURSION = YES;
				CLANG_WARN_INT_CONVERSION = YES;
				CLANG_WARN_NON_LITERAL_NULL_CONVERSION = YES;
				CLANG_WARN_OBJC_IMPLICIT_RETAIN_SELF = YES;
				CLANG_WARN_OBJC_LITERAL_CONVERSION = YES;
				CLANG_WARN_OBJC_ROOT_CLASS = YES_ERROR;
				CLANG_WARN_QUOTED_INCLUDE_IN_FRAMEWORK_HEADER = YES;
				CLANG_WARN_RANGE_LOOP_ANALYSIS = YES;
				CLANG_WARN_STRICT_PROTOTYPES = YES;
				CLANG_WARN_SUSPICIOUS_MOVE = YES;
				CLANG_WARN_UNGUARDED_AVAILABILITY = YES_AGGRESSIVE;
				CLANG_WARN_UNREACHABLE_CODE = YES;
				CLANG_WARN__DUPLICATE_METHOD_MATCH = YES;
				COPY_PHASE_STRIP = NO;
				DEBUG_INFORMATION_FORMAT = "dwarf-with-dsym";
				ENABLE_NS_ASSERTIONS = NO;
				ENABLE_STRICT_OBJC_MSGSEND = YES;
				GCC_C_LANGUAGE_STANDARD = gnu11;
				GCC_NO_COMMON_BLOCKS = YES;
				GCC_WARN_64_TO_32_BIT_CONVERSION = YES;
				GCC_WARN_ABOUT_RETURN_TYPE = YES_ERROR;
				GCC_WARN_UNDECLARED_SELECTOR = YES;
				GCC_WARN_UNINITIALIZED_AUTOS = YES_AGGRESSIVE;
				GCC_WARN_UNUSED_FUNCTION = YES;
				GCC_WARN_UNUSED_VARIABLE = YES;
				IPHONEOS_DEPLOYMENT_TARGET = 14.5;
				MTL_ENABLE_DEBUG_INFO = NO;
				MTL_FAST_MATH = YES;
				SDKROOT = iphoneos;
				SWIFT_COMPILATION_MODE = wholemodule;
				SWIFT_OPTIMIZATION_LEVEL = "-O";
				VALIDATE_PRODUCT = YES;
			};
			name = Release;
		};
		AEA4618926AD6E160010D564 /* Debug */ = {
			isa = XCBuildConfiguration;
			baseConfigurationReference = 2D4FA82A180D64730FD7A51B /* Pods-A1_SwiftUI_WebAPI.debug.xcconfig */;
			buildSettings = {
				ASSETCATALOG_COMPILER_APPICON_NAME = AppIcon;
				ASSETCATALOG_COMPILER_GLOBAL_ACCENT_COLOR_NAME = AccentColor;
				CODE_SIGN_STYLE = Automatic;
				DEVELOPMENT_ASSET_PATHS = "\"A1_SwiftUI_WebAPI/Preview Content\"";
				DEVELOPMENT_TEAM = 6U7B28SJGK;
				ENABLE_PREVIEWS = YES;
				INFOPLIST_FILE = A1_SwiftUI_WebAPI/Info.plist;
				IPHONEOS_DEPLOYMENT_TARGET = 14.0;
				LD_RUNPATH_SEARCH_PATHS = (
					"$(inherited)",
					"@executable_path/Frameworks",
				);
				PRODUCT_BUNDLE_IDENTIFIER = "com.it-ozisan.A1-SwiftUI-WebAPI";
				PRODUCT_NAME = "$(TARGET_NAME)";
				SWIFT_VERSION = 5.0;
				TARGETED_DEVICE_FAMILY = "1,2";
			};
			name = Debug;
		};
		AEA4618A26AD6E160010D564 /* Release */ = {
			isa = XCBuildConfiguration;
			baseConfigurationReference = 1373EA9DCBAC687AF5832266 /* Pods-A1_SwiftUI_WebAPI.release.xcconfig */;
			buildSettings = {
				ASSETCATALOG_COMPILER_APPICON_NAME = AppIcon;
				ASSETCATALOG_COMPILER_GLOBAL_ACCENT_COLOR_NAME = AccentColor;
				CODE_SIGN_STYLE = Automatic;
				DEVELOPMENT_ASSET_PATHS = "\"A1_SwiftUI_WebAPI/Preview Content\"";
				DEVELOPMENT_TEAM = 6U7B28SJGK;
				ENABLE_PREVIEWS = YES;
				INFOPLIST_FILE = A1_SwiftUI_WebAPI/Info.plist;
				IPHONEOS_DEPLOYMENT_TARGET = 14.0;
				LD_RUNPATH_SEARCH_PATHS = (
					"$(inherited)",
					"@executable_path/Frameworks",
				);
				PRODUCT_BUNDLE_IDENTIFIER = "com.it-ozisan.A1-SwiftUI-WebAPI";
				PRODUCT_NAME = "$(TARGET_NAME)";
				SWIFT_VERSION = 5.0;
				TARGETED_DEVICE_FAMILY = "1,2";
			};
			name = Release;
		};
/* End XCBuildConfiguration section */

/* Begin XCConfigurationList section */
		AEA4617426AD6E140010D564 /* Build configuration list for PBXProject "A1_SwiftUI_WebAPI" */ = {
			isa = XCConfigurationList;
			buildConfigurations = (
				AEA4618626AD6E160010D564 /* Debug */,
				AEA4618726AD6E160010D564 /* Release */,
			);
			defaultConfigurationIsVisible = 0;
			defaultConfigurationName = Release;
		};
		AEA4618826AD6E160010D564 /* Build configuration list for PBXNativeTarget "A1_SwiftUI_WebAPI" */ = {
			isa = XCConfigurationList;
			buildConfigurations = (
				AEA4618926AD6E160010D564 /* Debug */,
				AEA4618A26AD6E160010D564 /* Release */,
			);
			defaultConfigurationIsVisible = 0;
			defaultConfigurationName = Release;
		};
/* End XCConfigurationList section */
	};
	rootObject = AEA4617126AD6E140010D564 /* Project object */;
}
